
Microsoft Visual Studio Solution File, Format Version 12.00
# Visual Studio Version 16
VisualStudioVersion = 16.0.29001.49
MinimumVisualStudioVersion = 10.0.40219.1
Project("{FAE04EC0-301F-11D3-BF4B-00C04F79EFBC}") = "WindowsFormsApp1", "WindowsFormsApp1\WindowsFormsApp1.csproj", "{F04FDBB3-04CD-4BD2-951B-D07CF9882B2B}"
EndProject
Global
	GlobalSection(SolutionConfigurationPlatforms) = preSolution
		Debug|Any CPU = Debug|Any CPU
		Release|Any CPU = Release|Any CPU
	EndGlobalSection
	GlobalSection(ProjectConfigurationPlatforms) = postSolution
		{F04FDBB3-04CD-4BD2-951B-D07CF9882B2B}.Debug|Any CPU.ActiveCfg = Debug|Any CPU
		{F04FDBB3-04CD-4BD2-951B-D07CF9882B2B}.Debug|Any CPU.Build.0 = Debug|Any CPU
		{F04FDBB3-04CD-4BD2-951B-D07CF9882B2B}.Release|Any CPU.ActiveCfg = Release|Any CPU
		{F04FDBB3-04CD-4BD2-951B-D07CF9882B2B}.Release|Any CPU.Build.0 = Release|Any CPU
	EndGlobalSection
	GlobalSection(SolutionProperties) = preSolution
		HideSolutionNode = FALSE
	EndGlobalSection
	GlobalSection(ExtensibilityGlobals) = postSolution
		SolutionGuid = {77FE4FD1-621E-4BAE-BC9E-6BB5ABE0480F}
	EndGlobalSection
EndGlobal
